
Microsoft Visual Studio Solution File, Format Version 12.00
# Visual Studio Version 17
VisualStudioVersion = 17.6.33829.357
MinimumVisualStudioVersion = 10.0.40219.1
Project("{9092AA53-FB77-4645-B42D-1CCCA6BD08BD}") = "ts-code-layout", "ts-code-layout.njsproj", "{BD0858EE-644C-48EF-B66C-5B00AAECC993}"
EndProject
Global
	GlobalSection(SolutionConfigurationPlatforms) = preSolution
		Debug|Any CPU = Debug|Any CPU
		Release|Any CPU = Release|Any CPU
	EndGlobalSection
	GlobalSection(ProjectConfigurationPlatforms) = postSolution
		{BD0858EE-644C-48EF-B66C-5B00AAECC993}.Debug|Any CPU.ActiveCfg = Debug|Any CPU
		{BD0858EE-644C-48EF-B66C-5B00AAECC993}.Debug|Any CPU.Build.0 = Debug|Any CPU
		{BD0858EE-644C-48EF-B66C-5B00AAECC993}.Release|Any CPU.ActiveCfg = Release|Any CPU
		{BD0858EE-644C-48EF-B66C-5B00AAECC993}.Release|Any CPU.Build.0 = Release|Any CPU
	EndGlobalSection
	GlobalSection(SolutionProperties) = preSolution
		HideSolutionNode = FALSE
	EndGlobalSection
	GlobalSection(ExtensibilityGlobals) = postSolution
		SolutionGuid = {06714E6A-DE41-4673-A6D1-E8B7BE53FD8A}
	EndGlobalSection
EndGlobal
